
Microsoft Visual Studio Solution File, Format Version 12.00
# Visual Studio Version 16
VisualStudioVersion = 16.0.29613.14
MinimumVisualStudioVersion = 10.0.40219.1
Project("{9A19103F-16F7-4668-BE54-9A1E7A4F7556}") = "HelloWorld", "HelloWorld\HelloWorld.csproj", "{393C85D0-48E4-407D-92C8-A412005C3CFF}"
EndProject
Global
	GlobalSection(SolutionConfigurationPlatforms) = preSolution
		Debug|Any CPU = Debug|Any CPU
		Release|Any CPU = Release|Any CPU
	EndGlobalSection
	GlobalSection(ProjectConfigurationPlatforms) = postSolution
		{393C85D0-48E4-407D-92C8-A412005C3CFF}.Debug|Any CPU.ActiveCfg = Debug|Any CPU
		{393C85D0-48E4-407D-92C8-A412005C3CFF}.Debug|Any CPU.Build.0 = Debug|Any CPU
		{393C85D0-48E4-407D-92C8-A412005C3CFF}.Release|Any CPU.ActiveCfg = Release|Any CPU
		{393C85D0-48E4-407D-92C8-A412005C3CFF}.Release|Any CPU.Build.0 = Release|Any CPU
	EndGlobalSection
	GlobalSection(SolutionProperties) = preSolution
		HideSolutionNode = FALSE
	EndGlobalSection
	GlobalSection(ExtensibilityGlobals) = postSolution
		SolutionGuid = {F48CC166-260E-45D4-8539-D36B35495487}
	EndGlobalSection
EndGlobal
